// !$*UTF8*$!
{
	archiveVersion = 1;
	classes = {
	};
	objectVersion = 56;
	objects = {

/* Begin PBXBuildFile section */
		23C06BF02AA8B0A6001B4D75 /* GenericFirestoreApp.swift in Sources */ = {isa = PBXBuildFile; fileRef = 23C06BEF2AA8B0A6001B4D75 /* GenericFirestoreApp.swift */; };
		23C06BF42AA8B0A7001B4D75 /* Assets.xcassets in Resources */ = {isa = PBXBuildFile; fileRef = 23C06BF32AA8B0A7001B4D75 /* Assets.xcassets */; };
		23C06BF72AA8B0A7001B4D75 /* Preview Assets.xcassets in Resources */ = {isa = PBXBuildFile; fileRef = 23C06BF62AA8B0A7001B4D75 /* Preview Assets.xcassets */; };
		23C06C032AA8B0BC001B4D75 /* CreateViewModel.swift in Sources */ = {isa = PBXBuildFile; fileRef = 23C06BFD2AA8B0BC001B4D75 /* CreateViewModel.swift */; };
		23C06C062AA8B0BC001B4D75 /* Models.swift in Sources */ = {isa = PBXBuildFile; fileRef = 23C06C002AA8B0BC001B4D75 /* Models.swift */; };
		23C06C072AA8B0BC001B4D75 /* FirestoreService.swift in Sources */ = {isa = PBXBuildFile; fileRef = 23C06C012AA8B0BC001B4D75 /* FirestoreService.swift */; };
		23C06C082AA8B0BC001B4D75 /* CreateView.swift in Sources */ = {isa = PBXBuildFile; fileRef = 23C06C022AA8B0BC001B4D75 /* CreateView.swift */; };
		23C06C0B2AA8B13D001B4D75 /* FirebaseFirestore in Frameworks */ = {isa = PBXBuildFile; productRef = 23C06C0A2AA8B13D001B4D75 /* FirebaseFirestore */; };
		23C06C0D2AA8B13D001B4D75 /* FirebaseFirestoreSwift in Frameworks */ = {isa = PBXBuildFile; productRef = 23C06C0C2AA8B13D001B4D75 /* FirebaseFirestoreSwift */; };
		23C06C0F2AA8B19D001B4D75 /* GoogleService-Info.plist in Resources */ = {isa = PBXBuildFile; fileRef = 23C06C0E2AA8B19D001B4D75 /* GoogleService-Info.plist */; };
/* End PBXBuildFile section */

/* Begin PBXFileReference section */
		23C06BEC2AA8B0A6001B4D75 /* GenericFirestore.app */ = {isa = PBXFileReference; explicitFileType = wrapper.application; includeInIndex = 0; path = GenericFirestore.app; sourceTree = BUILT_PRODUCTS_DIR; };
		23C06BEF2AA8B0A6001B4D75 /* GenericFirestoreApp.swift */ = {isa = PBXFileReference; lastKnownFileType = sourcecode.swift; path = GenericFirestoreApp.swift; sourceTree = "<group>"; };
		23C06BF32AA8B0A7001B4D75 /* Assets.xcassets */ = {isa = PBXFileReference; lastKnownFileType = folder.assetcatalog; path = Assets.xcassets; sourceTree = "<group>"; };
		23C06BF62AA8B0A7001B4D75 /* Preview Assets.xcassets */ = {isa = PBXFileReference; lastKnownFileType = folder.assetcatalog; path = "Preview Assets.xcassets"; sourceTree = "<group>"; };
		23C06BFD2AA8B0BC001B4D75 /* CreateViewModel.swift */ = {isa = PBXFileReference; fileEncoding = 4; lastKnownFileType = sourcecode.swift; path = CreateViewModel.swift; sourceTree = "<group>"; };
		23C06C002AA8B0BC001B4D75 /* Models.swift */ = {isa = PBXFileReference; fileEncoding = 4; lastKnownFileType = sourcecode.swift; path = Models.swift; sourceTree = "<group>"; };
		23C06C012AA8B0BC001B4D75 /* FirestoreService.swift */ = {isa = PBXFileReference; fileEncoding = 4; lastKnownFileType = sourcecode.swift; path = FirestoreService.swift; sourceTree = "<group>"; };
		23C06C022AA8B0BC001B4D75 /* CreateView.swift */ = {isa = PBXFileReference; fileEncoding = 4; lastKnownFileType = sourcecode.swift; path = CreateView.swift; sourceTree = "<group>"; };
		23C06C0E2AA8B19D001B4D75 /* GoogleService-Info.plist */ = {isa = PBXFileReference; fileEncoding = 4; lastKnownFileType = text.plist.xml; path = "GoogleService-Info.plist"; sourceTree = "<group>"; };
/* End PBXFileReference section */

/* Begin PBXFrameworksBuildPhase section */
		23C06BE92AA8B0A6001B4D75 /* Frameworks */ = {
			isa = PBXFrameworksBuildPhase;
			buildActionMask = 2147483647;
			files = (
				23C06C0B2AA8B13D001B4D75 /* FirebaseFirestore in Frameworks */,
				23C06C0D2AA8B13D001B4D75 /* FirebaseFirestoreSwift in Frameworks */,
			);
			runOnlyForDeploymentPostprocessing = 0;
		};
/* End PBXFrameworksBuildPhase section */

/* Begin PBXGroup section */
		23C06BE32AA8B0A6001B4D75 = {
			isa = PBXGroup;
			children = (
				23C06BEE2AA8B0A6001B4D75 /* GenericFirestore */,
				23C06BED2AA8B0A6001B4D75 /* Products */,
			);
			sourceTree = "<group>";
		};
		23C06BED2AA8B0A6001B4D75 /* Products */ = {
			isa = PBXGroup;
			children = (
				23C06BEC2AA8B0A6001B4D75 /* GenericFirestore.app */,
			);
			name = Products;
			sourceTree = "<group>";
		};
		23C06BEE2AA8B0A6001B4D75 /* GenericFirestore */ = {
			isa = PBXGroup;
			children = (
				23C06BEF2AA8B0A6001B4D75 /* GenericFirestoreApp.swift */,
				23C06C022AA8B0BC001B4D75 /* CreateView.swift */,
				23C06BFD2AA8B0BC001B4D75 /* CreateViewModel.swift */,
				23C06C002AA8B0BC001B4D75 /* Models.swift */,
				23C06C012AA8B0BC001B4D75 /* FirestoreService.swift */,
				23C06BF32AA8B0A7001B4D75 /* Assets.xcassets */,
				23C06C0E2AA8B19D001B4D75 /* GoogleService-Info.plist */,
				23C06BF52AA8B0A7001B4D75 /* Preview Content */,
			);
			path = GenericFirestore;
			sourceTree = "<group>";
		};
		23C06BF52AA8B0A7001B4D75 /* Preview Content */ = {
			isa = PBXGroup;
			children = (
				23C06BF62AA8B0A7001B4D75 /* Preview Assets.xcassets */,
			);
			path = "Preview Content";
			sourceTree = "<group>";
		};
/* End PBXGroup section */

/* Begin PBXNativeTarget section */
		23C06BEB2AA8B0A6001B4D75 /* GenericFirestore */ = {
			isa = PBXNativeTarget;
			buildConfigurationList = 23C06BFA2AA8B0A7001B4D75 /* Build configuration list for PBXNativeTarget "GenericFirestore" */;
			buildPhases = (
				23C06BE82AA8B0A6001B4D75 /* Sources */,
				23C06BE92AA8B0A6001B4D75 /* Frameworks */,
				23C06BEA2AA8B0A6001B4D75 /* Resources */,
			);
			buildRules = (
			);
			dependencies = (
			);
			name = GenericFirestore;
			packageProductDependencies = (
				23C06C0A2AA8B13D001B4D75 /* FirebaseFirestore */,
				23C06C0C2AA8B13D001B4D75 /* FirebaseFirestoreSwift */,
			);
			productName = GenericFirestore;
			productReference = 23C06BEC2AA8B0A6001B4D75 /* GenericFirestore.app */;
			productType = "com.apple.product-type.application";
		};
/* End PBXNativeTarget section */

/* Begin PBXProject section */
		23C06BE42AA8B0A6001B4D75 /* Project object */ = {
			isa = PBXProject;
			attributes = {
				BuildIndependentTargetsInParallel = 1;
				LastSwiftUpdateCheck = 1420;
				LastUpgradeCheck = 1420;
				TargetAttributes = {
					23C06BEB2AA8B0A6001B4D75 = {
						CreatedOnToolsVersion = 14.2;
					};
				};
			};
			buildConfigurationList = 23C06BE72AA8B0A6001B4D75 /* Build configuration list for PBXProject "GenericFirestore" */;
			compatibilityVersion = "Xcode 14.0";
			developmentRegion = en;
			hasScannedForEncodings = 0;
			knownRegions = (
				en,
				Base,
			);
			mainGroup = 23C06BE32AA8B0A6001B4D75;
			packageReferences = (
				23C06C092AA8B13D001B4D75 /* XCRemoteSwiftPackageReference "firebase-ios-sdk" */,
			);
			productRefGroup = 23C06BED2AA8B0A6001B4D75 /* Products */;
			projectDirPath = "";
			projectRoot = "";
			targets = (
				23C06BEB2AA8B0A6001B4D75 /* GenericFirestore */,
			);
		};
/* End PBXProject section */

/* Begin PBXResourcesBuildPhase section */
		23C06BEA2AA8B0A6001B4D75 /* Resources */ = {
			isa = PBXResourcesBuildPhase;
			buildActionMask = 2147483647;
			files = (
				23C06BF72AA8B0A7001B4D75 /* Preview Assets.xcassets in Resources */,
				23C06C0F2AA8B19D001B4D75 /* GoogleService-Info.plist in Resources */,
				23C06BF42AA8B0A7001B4D75 /* Assets.xcassets in Resources */,
			);
			runOnlyForDeploymentPostprocessing = 0;
		};
/* End PBXResourcesBuildPhase section */

/* Begin PBXSourcesBuildPhase section */
		23C06BE82AA8B0A6001B4D75 /* Sources */ = {
			isa = PBXSourcesBuildPhase;
			buildActionMask = 2147483647;
			files = (
				23C06C072AA8B0BC001B4D75 /* FirestoreService.swift in Sources */,
				23C06C032AA8B0BC001B4D75 /* CreateViewModel.swift in Sources */,
				23C06C082AA8B0BC001B4D75 /* CreateView.swift in Sources */,
				23C06C062AA8B0BC001B4D75 /* Models.swift in Sources */,
				23C06BF02AA8B0A6001B4D75 /* GenericFirestoreApp.swift in Sources */,
			);
			runOnlyForDeploymentPostprocessing = 0;
		};
/* End PBXSourcesBuildPhase section */

/* Begin XCBuildConfiguration section */
		23C06BF82AA8B0A7001B4D75 /* Debug */ = {
			isa = XCBuildConfiguration;
			buildSettings = {
				ALWAYS_SEARCH_USER_PATHS = NO;
				CLANG_ANALYZER_NONNULL = YES;
				CLANG_ANALYZER_NUMBER_OBJECT_CONVERSION = YES_AGGRESSIVE;
				CLANG_CXX_LANGUAGE_STANDARD = "gnu++20";
				CLANG_ENABLE_MODULES = YES;
				CLANG_ENABLE_OBJC_ARC = YES;
				CLANG_ENABLE_OBJC_WEAK = YES;
				CLANG_WARN_BLOCK_CAPTURE_AUTORELEASING = YES;
				CLANG_WARN_BOOL_CONVERSION = YES;
				CLANG_WARN_COMMA = YES;
				CLANG_WARN_CONSTANT_CONVERSION = YES;
				CLANG_WARN_DEPRECATED_OBJC_IMPLEMENTATIONS = YES;
				CLANG_WARN_DIRECT_OBJC_ISA_USAGE = YES_ERROR;
				CLANG_WARN_DOCUMENTATION_COMMENTS = YES;
				CLANG_WARN_EMPTY_BODY = YES;
				CLANG_WARN_ENUM_CONVERSION = YES;
				CLANG_WARN_INFINITE_RECURSION = YES;
				CLANG_WARN_INT_CONVERSION = YES;
				CLANG_WARN_NON_LITERAL_NULL_CONVERSION = YES;
				CLANG_WARN_OBJC_IMPLICIT_RETAIN_SELF = YES;
				CLANG_WARN_OBJC_LITERAL_CONVERSION = YES;
				CLANG_WARN_OBJC_ROOT_CLASS = YES_ERROR;
				CLANG_WARN_QUOTED_INCLUDE_IN_FRAMEWORK_HEADER = YES;
				CLANG_WARN_RANGE_LOOP_ANALYSIS = YES;
				CLANG_WARN_STRICT_PROTOTYPES = YES;
				CLANG_WARN_SUSPICIOUS_MOVE = YES;
				CLANG_WARN_UNGUARDED_AVAILABILITY = YES_AGGRESSIVE;
				CLANG_WARN_UNREACHABLE_CODE = YES;
				CLANG_WARN__DUPLICATE_METHOD_MATCH = YES;
				COPY_PHASE_STRIP = NO;
				DEBUG_INFORMATION_FORMAT = dwarf;
				ENABLE_STRICT_OBJC_MSGSEND = YES;
				ENABLE_TESTABILITY = YES;
				GCC_C_LANGUAGE_STANDARD = gnu11;
				GCC_DYNAMIC_NO_PIC = NO;
				GCC_NO_COMMON_BLOCKS = YES;
				GCC_OPTIMIZATION_LEVEL = 0;
				GCC_PREPROCESSOR_DEFINITIONS = (
					"DEBUG=1",
					"$(inherited)",
				);
				GCC_WARN_64_TO_32_BIT_CONVERSION = YES;
				GCC_WARN_ABOUT_RETURN_TYPE = YES_ERROR;
				GCC_WARN_UNDECLARED_SELECTOR = YES;
				GCC_WARN_UNINITIALIZED_AUTOS = YES_AGGRESSIVE;
				GCC_WARN_UNUSED_FUNCTION = YES;
				GCC_WARN_UNUSED_VARIABLE = YES;
				IPHONEOS_DEPLOYMENT_TARGET = 16.2;
				MTL_ENABLE_DEBUG_INFO = INCLUDE_SOURCE;
				MTL_FAST_MATH = YES;
				ONLY_ACTIVE_ARCH = YES;
				SDKROOT = iphoneos;
				SWIFT_ACTIVE_COMPILATION_CONDITIONS = DEBUG;
				SWIFT_OPTIMIZATION_LEVEL = "-Onone";
			};
			name = Debug;
		};
		23C06BF92AA8B0A7001B4D75 /* Release */ = {
			isa = XCBuildConfiguration;
			buildSettings = {
				ALWAYS_SEARCH_USER_PATHS = NO;
				CLANG_ANALYZER_NONNULL = YES;
				CLANG_ANALYZER_NUMBER_OBJECT_CONVERSION = YES_AGGRESSIVE;
				CLANG_CXX_LANGUAGE_STANDARD = "gnu++20";
				CLANG_ENABLE_MODULES = YES;
				CLANG_ENABLE_OBJC_ARC = YES;
				CLANG_ENABLE_OBJC_WEAK = YES;
				CLANG_WARN_BLOCK_CAPTURE_AUTORELEASING = YES;
				CLANG_WARN_BOOL_CONVERSION = YES;
				CLANG_WARN_COMMA = YES;
				CLANG_WARN_CONSTANT_CONVERSION = YES;
				CLANG_WARN_DEPRECATED_OBJC_IMPLEMENTATIONS = YES;
				CLANG_WARN_DIRECT_OBJC_ISA_USAGE = YES_ERROR;
				CLANG_WARN_DOCUMENTATION_COMMENTS = YES;
				CLANG_WARN_EMPTY_BODY = YES;
				CLANG_WARN_ENUM_CONVERSION = YES;
				CLANG_WARN_INFINITE_RECURSION = YES;
				CLANG_WARN_INT_CONVERSION = YES;
				CLANG_WARN_NON_LITERAL_NULL_CONVERSION = YES;
				CLANG_WARN_OBJC_IMPLICIT_RETAIN_SELF = YES;
				CLANG_WARN_OBJC_LITERAL_CONVERSION = YES;
				CLANG_WARN_OBJC_ROOT_CLASS = YES_ERROR;
				CLANG_WARN_QUOTED_INCLUDE_IN_FRAMEWORK_HEADER = YES;
				CLANG_WARN_RANGE_LOOP_ANALYSIS = YES;
				CLANG_WARN_STRICT_PROTOTYPES = YES;
				CLANG_WARN_SUSPICIOUS_MOVE = YES;
				CLANG_WARN_UNGUARDED_AVAILABILITY = YES_AGGRESSIVE;
				CLANG_WARN_UNREACHABLE_CODE = YES;
				CLANG_WARN__DUPLICATE_METHOD_MATCH = YES;
				COPY_PHASE_STRIP = NO;
				DEBUG_INFORMATION_FORMAT = "dwarf-with-dsym";
				ENABLE_NS_ASSERTIONS = NO;
				ENABLE_STRICT_OBJC_MSGSEND = YES;
				GCC_C_LANGUAGE_STANDARD = gnu11;
				GCC_NO_COMMON_BLOCKS = YES;
				GCC_WARN_64_TO_32_BIT_CONVERSION = YES;
				GCC_WARN_ABOUT_RETURN_TYPE = YES_ERROR;
				GCC_WARN_UNDECLARED_SELECTOR = YES;
				GCC_WARN_UNINITIALIZED_AUTOS = YES_AGGRESSIVE;
				GCC_WARN_UNUSED_FUNCTION = YES;
				GCC_WARN_UNUSED_VARIABLE = YES;
				IPHONEOS_DEPLOYMENT_TARGET = 16.2;
				MTL_ENABLE_DEBUG_INFO = NO;
				MTL_FAST_MATH = YES;
				SDKROOT = iphoneos;
				SWIFT_COMPILATION_MODE = wholemodule;
				SWIFT_OPTIMIZATION_LEVEL = "-O";
				VALIDATE_PRODUCT = YES;
			};
			name = Release;
		};
		23C06BFB2AA8B0A7001B4D75 /* Debug */ = {
			isa = XCBuildConfiguration;
			buildSettings = {
				ASSETCATALOG_COMPILER_APPICON_NAME = AppIcon;
				ASSETCATALOG_COMPILER_GLOBAL_ACCENT_COLOR_NAME = AccentColor;
				CODE_SIGN_STYLE = Automatic;
				CURRENT_PROJECT_VERSION = 1;
				DEVELOPMENT_ASSET_PATHS = "\"GenericFirestore/Preview Content\"";
				DEVELOPMENT_TEAM = N5PPJ3G439;
				ENABLE_PREVIEWS = YES;
				GENERATE_INFOPLIST_FILE = YES;
				INFOPLIST_KEY_UIApplicationSceneManifest_Generation = YES;
				INFOPLIST_KEY_UIApplicationSupportsIndirectInputEvents = YES;
				INFOPLIST_KEY_UILaunchScreen_Generation = YES;
				INFOPLIST_KEY_UISupportedInterfaceOrientations_iPad = "UIInterfaceOrientationPortrait UIInterfaceOrientationPortraitUpsideDown UIInterfaceOrientationLandscapeLeft UIInterfaceOrientationLandscapeRight";
				INFOPLIST_KEY_UISupportedInterfaceOrientations_iPhone = "UIInterfaceOrientationPortrait UIInterfaceOrientationLandscapeLeft UIInterfaceOrientationLandscapeRight";
				LD_RUNPATH_SEARCH_PATHS = (
					"$(inherited)",
					"@executable_path/Frameworks",
				);
				MARKETING_VERSION = 1.0;
				PRODUCT_BUNDLE_IDENTIFIER = com.Thel.GenericFirestore;
				PRODUCT_NAME = "$(TARGET_NAME)";
				SUPPORTED_PLATFORMS = "iphoneos iphonesimulator";
				SUPPORTS_MACCATALYST = NO;
				SUPPORTS_MAC_DESIGNED_FOR_IPHONE_IPAD = NO;
				SWIFT_EMIT_LOC_STRINGS = YES;
				SWIFT_VERSION = 5.0;
				TARGETED_DEVICE_FAMILY = 1;
			};
			name = Debug;
		};
		23C06BFC2AA8B0A7001B4D75 /* Release */ = {
			isa = XCBuildConfiguration;
			buildSettings = {
				ASSETCATALOG_COMPILER_APPICON_NAME = AppIcon;
				ASSETCATALOG_COMPILER_GLOBAL_ACCENT_COLOR_NAME = AccentColor;
				CODE_SIGN_STYLE = Automatic;
				CURRENT_PROJECT_VERSION = 1;
				DEVELOPMENT_ASSET_PATHS = "\"GenericFirestore/Preview Content\"";
				DEVELOPMENT_TEAM = N5PPJ3G439;
				ENABLE_PREVIEWS = YES;
				GENERATE_INFOPLIST_FILE = YES;
				INFOPLIST_KEY_UIApplicationSceneManifest_Generation = YES;
				INFOPLIST_KEY_UIApplicationSupportsIndirectInputEvents = YES;
				INFOPLIST_KEY_UILaunchScreen_Generation = YES;
				INFOPLIST_KEY_UISupportedInterfaceOrientations_iPad = "UIInterfaceOrientationPortrait UIInterfaceOrientationPortraitUpsideDown UIInterfaceOrientationLandscapeLeft UIInterfaceOrientationLandscapeRight";
				INFOPLIST_KEY_UISupportedInterfaceOrientations_iPhone = "UIInterfaceOrientationPortrait UIInterfaceOrientationLandscapeLeft UIInterfaceOrientationLandscapeRight";
				LD_RUNPATH_SEARCH_PATHS = (
					"$(inherited)",
					"@executable_path/Frameworks",
				);
				MARKETING_VERSION = 1.0;
				PRODUCT_BUNDLE_IDENTIFIER = com.Thel.GenericFirestore;
				PRODUCT_NAME = "$(TARGET_NAME)";
				SUPPORTED_PLATFORMS = "iphoneos iphonesimulator";
				SUPPORTS_MACCATALYST = NO;
				SUPPORTS_MAC_DESIGNED_FOR_IPHONE_IPAD = NO;
				SWIFT_EMIT_LOC_STRINGS = YES;
				SWIFT_VERSION = 5.0;
				TARGETED_DEVICE_FAMILY = 1;
			};
			name = Release;
		};
/* End XCBuildConfiguration section */

/* Begin XCConfigurationList section */
		23C06BE72AA8B0A6001B4D75 /* Build configuration list for PBXProject "GenericFirestore" */ = {
			isa = XCConfigurationList;
			buildConfigurations = (
				23C06BF82AA8B0A7001B4D75 /* Debug */,
				23C06BF92AA8B0A7001B4D75 /* Release */,
			);
			defaultConfigurationIsVisible = 0;
			defaultConfigurationName = Release;
		};
		23C06BFA2AA8B0A7001B4D75 /* Build configuration list for PBXNativeTarget "GenericFirestore" */ = {
			isa = XCConfigurationList;
			buildConfigurations = (
				23C06BFB2AA8B0A7001B4D75 /* Debug */,
				23C06BFC2AA8B0A7001B4D75 /* Release */,
			);
			defaultConfigurationIsVisible = 0;
			defaultConfigurationName = Release;
		};
/* End XCConfigurationList section */

/* Begin XCRemoteSwiftPackageReference section */
		23C06C092AA8B13D001B4D75 /* XCRemoteSwiftPackageReference "firebase-ios-sdk" */ = {
			isa = XCRemoteSwiftPackageReference;
			repositoryURL = "https://github.com/firebase/firebase-ios-sdk.git";
			requirement = {
				kind = upToNextMajorVersion;
				minimumVersion = 9.0.0;
			};
		};
/* End XCRemoteSwiftPackageReference section */

/* Begin XCSwiftPackageProductDependency section */
		23C06C0A2AA8B13D001B4D75 /* FirebaseFirestore */ = {
			isa = XCSwiftPackageProductDependency;
			package = 23C06C092AA8B13D001B4D75 /* XCRemoteSwiftPackageReference "firebase-ios-sdk" */;
			productName = FirebaseFirestore;
		};
		23C06C0C2AA8B13D001B4D75 /* FirebaseFirestoreSwift */ = {
			isa = XCSwiftPackageProductDependency;
			package = 23C06C092AA8B13D001B4D75 /* XCRemoteSwiftPackageReference "firebase-ios-sdk" */;
			productName = FirebaseFirestoreSwift;
		};
/* End XCSwiftPackageProductDependency section */
	};
	rootObject = 23C06BE42AA8B0A6001B4D75 /* Project object */;
}
